// !$*UTF8*$!
{
	archiveVersion = 1;
	classes = {
	};
	objectVersion = 46;
	objects = {

/* Begin PBXBuildFile section */
		D821C5181C68A6C200A88B65 /* Turnstile.framework in Frameworks */ = {isa = PBXBuildFile; fileRef = D821C50D1C68A6C200A88B65 /* Turnstile.framework */; };
		D821C52A1C68A7F600A88B65 /* EventTests.swift in Sources */ = {isa = PBXBuildFile; fileRef = D821C5271C68A7F600A88B65 /* EventTests.swift */; };
		D821C52B1C68A7F600A88B65 /* StateMachineTests.swift in Sources */ = {isa = PBXBuildFile; fileRef = D821C5281C68A7F600A88B65 /* StateMachineTests.swift */; };
		D821C52C1C68A7F600A88B65 /* StateTests.swift in Sources */ = {isa = PBXBuildFile; fileRef = D821C5291C68A7F600A88B65 /* StateTests.swift */; };
		D821C5311C68A80B00A88B65 /* Event.swift in Sources */ = {isa = PBXBuildFile; fileRef = D821C52D1C68A80B00A88B65 /* Event.swift */; };
		D821C5321C68A80B00A88B65 /* State.swift in Sources */ = {isa = PBXBuildFile; fileRef = D821C52E1C68A80B00A88B65 /* State.swift */; };
		D821C5331C68A80B00A88B65 /* StateMachine.swift in Sources */ = {isa = PBXBuildFile; fileRef = D821C52F1C68A80B00A88B65 /* StateMachine.swift */; };
		D821C5341C68A80B00A88B65 /* Transition.swift in Sources */ = {isa = PBXBuildFile; fileRef = D821C5301C68A80B00A88B65 /* Transition.swift */; };
		D821C5361C68A90600A88B65 /* Turnstile.h in Headers */ = {isa = PBXBuildFile; fileRef = D821C5351C68A90600A88B65 /* Turnstile.h */; settings = {ATTRIBUTES = (Public, ); }; };
		D8A7D8611C7D3B9500A2981D /* Event.swift in Sources */ = {isa = PBXBuildFile; fileRef = D821C52D1C68A80B00A88B65 /* Event.swift */; };
		D8A7D8621C7D3B9500A2981D /* StateMachine.swift in Sources */ = {isa = PBXBuildFile; fileRef = D821C52F1C68A80B00A88B65 /* StateMachine.swift */; };
		D8A7D8631C7D3B9500A2981D /* Transition.swift in Sources */ = {isa = PBXBuildFile; fileRef = D821C5301C68A80B00A88B65 /* Transition.swift */; };
		D8A7D8641C7D3B9500A2981D /* State.swift in Sources */ = {isa = PBXBuildFile; fileRef = D821C52E1C68A80B00A88B65 /* State.swift */; };
		D8A7D8671C7D3B9500A2981D /* Turnstile.h in Headers */ = {isa = PBXBuildFile; fileRef = D821C5351C68A90600A88B65 /* Turnstile.h */; settings = {ATTRIBUTES = (Public, ); }; };
		D8A7D8701C7D3D3800A2981D /* Event.swift in Sources */ = {isa = PBXBuildFile; fileRef = D821C52D1C68A80B00A88B65 /* Event.swift */; };
		D8A7D8711C7D3D3800A2981D /* StateMachine.swift in Sources */ = {isa = PBXBuildFile; fileRef = D821C52F1C68A80B00A88B65 /* StateMachine.swift */; };
		D8A7D8721C7D3D3800A2981D /* Transition.swift in Sources */ = {isa = PBXBuildFile; fileRef = D821C5301C68A80B00A88B65 /* Transition.swift */; };
		D8A7D8731C7D3D3800A2981D /* State.swift in Sources */ = {isa = PBXBuildFile; fileRef = D821C52E1C68A80B00A88B65 /* State.swift */; };
		D8A7D8761C7D3D3800A2981D /* Turnstile.h in Headers */ = {isa = PBXBuildFile; fileRef = D821C5351C68A90600A88B65 /* Turnstile.h */; settings = {ATTRIBUTES = (Public, ); }; };
		D8A7D87F1C7D3DE200A2981D /* Event.swift in Sources */ = {isa = PBXBuildFile; fileRef = D821C52D1C68A80B00A88B65 /* Event.swift */; };
		D8A7D8801C7D3DE200A2981D /* StateMachine.swift in Sources */ = {isa = PBXBuildFile; fileRef = D821C52F1C68A80B00A88B65 /* StateMachine.swift */; };
		D8A7D8811C7D3DE200A2981D /* Transition.swift in Sources */ = {isa = PBXBuildFile; fileRef = D821C5301C68A80B00A88B65 /* Transition.swift */; };
		D8A7D8821C7D3DE200A2981D /* State.swift in Sources */ = {isa = PBXBuildFile; fileRef = D821C52E1C68A80B00A88B65 /* State.swift */; };
		D8A7D8851C7D3DE200A2981D /* Turnstile.h in Headers */ = {isa = PBXBuildFile; fileRef = D821C5351C68A90600A88B65 /* Turnstile.h */; settings = {ATTRIBUTES = (Public, ); }; };
/* End PBXBuildFile section */

/* Begin PBXContainerItemProxy section */
		D821C5191C68A6C200A88B65 /* PBXContainerItemProxy */ = {
			isa = PBXContainerItemProxy;
			containerPortal = D821C5041C68A6C200A88B65 /* Project object */;
			proxyType = 1;
			remoteGlobalIDString = D821C50C1C68A6C200A88B65;
			remoteInfo = Turnstile;
		};
/* End PBXContainerItemProxy section */

/* Begin PBXFileReference section */
		D821C50D1C68A6C200A88B65 /* Turnstile.framework */ = {isa = PBXFileReference; explicitFileType = wrapper.framework; includeInIndex = 0; path = Turnstile.framework; sourceTree = BUILT_PRODUCTS_DIR; };
		D821C5121C68A6C200A88B65 /* Info.plist */ = {isa = PBXFileReference; lastKnownFileType = text.plist; name = Info.plist; path = Sources/Turnstile/Info.plist; sourceTree = "<group>"; };
		D821C5171C68A6C200A88B65 /* TurnstileTests.xctest */ = {isa = PBXFileReference; explicitFileType = wrapper.cfbundle; includeInIndex = 0; path = TurnstileTests.xctest; sourceTree = BUILT_PRODUCTS_DIR; };
		D821C51E1C68A6C200A88B65 /* Info.plist */ = {isa = PBXFileReference; lastKnownFileType = text.plist; name = Info.plist; path = Sources/TurnstileTests/Info.plist; sourceTree = "<group>"; };
		D821C5271C68A7F600A88B65 /* EventTests.swift */ = {isa = PBXFileReference; fileEncoding = 4; lastKnownFileType = sourcecode.swift; name = EventTests.swift; path = Sources/TurnstileTests/EventTests.swift; sourceTree = SOURCE_ROOT; };
		D821C5281C68A7F600A88B65 /* StateMachineTests.swift */ = {isa = PBXFileReference; fileEncoding = 4; lastKnownFileType = sourcecode.swift; name = StateMachineTests.swift; path = Sources/TurnstileTests/StateMachineTests.swift; sourceTree = SOURCE_ROOT; };
		D821C5291C68A7F600A88B65 /* StateTests.swift */ = {isa = PBXFileReference; fileEncoding = 4; lastKnownFileType = sourcecode.swift; name = StateTests.swift; path = Sources/TurnstileTests/StateTests.swift; sourceTree = SOURCE_ROOT; };
		D821C52D1C68A80B00A88B65 /* Event.swift */ = {isa = PBXFileReference; fileEncoding = 4; lastKnownFileType = sourcecode.swift; name = Event.swift; path = Sources/Turnstile/Event.swift; sourceTree = SOURCE_ROOT; };
		D821C52E1C68A80B00A88B65 /* State.swift */ = {isa = PBXFileReference; fileEncoding = 4; lastKnownFileType = sourcecode.swift; name = State.swift; path = Sources/Turnstile/State.swift; sourceTree = SOURCE_ROOT; };
		D821C52F1C68A80B00A88B65 /* StateMachine.swift */ = {isa = PBXFileReference; fileEncoding = 4; lastKnownFileType = sourcecode.swift; name = StateMachine.swift; path = Sources/Turnstile/StateMachine.swift; sourceTree = SOURCE_ROOT; };
		D821C5301C68A80B00A88B65 /* Transition.swift */ = {isa = PBXFileReference; fileEncoding = 4; lastKnownFileType = sourcecode.swift; name = Transition.swift; path = Sources/Turnstile/Transition.swift; sourceTree = SOURCE_ROOT; };
		D821C5351C68A90600A88B65 /* Turnstile.h */ = {isa = PBXFileReference; fileEncoding = 4; lastKnownFileType = sourcecode.c.h; name = Turnstile.h; path = Sources/Turnstile/Turnstile.h; sourceTree = SOURCE_ROOT; };
		D8A7D86C1C7D3B9500A2981D /* Turnstile.framework */ = {isa = PBXFileReference; explicitFileType = wrapper.framework; includeInIndex = 0; path = Turnstile.framework; sourceTree = BUILT_PRODUCTS_DIR; };
		D8A7D87B1C7D3D3800A2981D /* Turnstile.framework */ = {isa = PBXFileReference; explicitFileType = wrapper.framework; includeInIndex = 0; path = Turnstile.framework; sourceTree = BUILT_PRODUCTS_DIR; };
		D8A7D88A1C7D3DE200A2981D /* Turnstile.framework */ = {isa = PBXFileReference; explicitFileType = wrapper.framework; includeInIndex = 0; path = Turnstile.framework; sourceTree = BUILT_PRODUCTS_DIR; };
/* End PBXFileReference section */

/* Begin PBXFrameworksBuildPhase section */
		D821C5091C68A6C200A88B65 /* Frameworks */ = {
			isa = PBXFrameworksBuildPhase;
			buildActionMask = 2147483647;
			files = (
			);
			runOnlyForDeploymentPostprocessing = 0;
		};
		D821C5141C68A6C200A88B65 /* Frameworks */ = {
			isa = PBXFrameworksBuildPhase;
			buildActionMask = 2147483647;
			files = (
				D821C5181C68A6C200A88B65 /* Turnstile.framework in Frameworks */,
			);
			runOnlyForDeploymentPostprocessing = 0;
		};
		D8A7D8651C7D3B9500A2981D /* Frameworks */ = {
			isa = PBXFrameworksBuildPhase;
			buildActionMask = 2147483647;
			files = (
			);
			runOnlyForDeploymentPostprocessing = 0;
		};
		D8A7D8741C7D3D3800A2981D /* Frameworks */ = {
			isa = PBXFrameworksBuildPhase;
			buildActionMask = 2147483647;
			files = (
			);
			runOnlyForDeploymentPostprocessing = 0;
		};
		D8A7D8831C7D3DE200A2981D /* Frameworks */ = {
			isa = PBXFrameworksBuildPhase;
			buildActionMask = 2147483647;
			files = (
			);
			runOnlyForDeploymentPostprocessing = 0;
		};
/* End PBXFrameworksBuildPhase section */

/* Begin PBXGroup section */
		D821C5031C68A6C200A88B65 = {
			isa = PBXGroup;
			children = (
				D821C50F1C68A6C200A88B65 /* Turnstile */,
				D821C51B1C68A6C200A88B65 /* TurnstileTests */,
				D821C50E1C68A6C200A88B65 /* Products */,
			);
			sourceTree = "<group>";
		};
		D821C50E1C68A6C200A88B65 /* Products */ = {
			isa = PBXGroup;
			children = (
				D821C50D1C68A6C200A88B65 /* Turnstile.framework */,
				D821C5171C68A6C200A88B65 /* TurnstileTests.xctest */,
				D8A7D86C1C7D3B9500A2981D /* Turnstile.framework */,
				D8A7D87B1C7D3D3800A2981D /* Turnstile.framework */,
				D8A7D88A1C7D3DE200A2981D /* Turnstile.framework */,
			);
			name = Products;
			sourceTree = "<group>";
		};
		D821C50F1C68A6C200A88B65 /* Turnstile */ = {
			isa = PBXGroup;
			children = (
				D821C52D1C68A80B00A88B65 /* Event.swift */,
				D821C52E1C68A80B00A88B65 /* State.swift */,
				D821C52F1C68A80B00A88B65 /* StateMachine.swift */,
				D821C5301C68A80B00A88B65 /* Transition.swift */,
				D821C5121C68A6C200A88B65 /* Info.plist */,
				D821C5351C68A90600A88B65 /* Turnstile.h */,
			);
			path = Turnstile;
			sourceTree = "<group>";
		};
		D821C51B1C68A6C200A88B65 /* TurnstileTests */ = {
			isa = PBXGroup;
			children = (
				D821C5271C68A7F600A88B65 /* EventTests.swift */,
				D821C5281C68A7F600A88B65 /* StateMachineTests.swift */,
				D821C5291C68A7F600A88B65 /* StateTests.swift */,
				D821C51E1C68A6C200A88B65 /* Info.plist */,
			);
			path = TurnstileTests;
			sourceTree = "<group>";
		};
/* End PBXGroup section */

/* Begin PBXHeadersBuildPhase section */
		D821C50A1C68A6C200A88B65 /* Headers */ = {
			isa = PBXHeadersBuildPhase;
			buildActionMask = 2147483647;
			files = (
				D821C5361C68A90600A88B65 /* Turnstile.h in Headers */,
			);
			runOnlyForDeploymentPostprocessing = 0;
		};
		D8A7D8661C7D3B9500A2981D /* Headers */ = {
			isa = PBXHeadersBuildPhase;
			buildActionMask = 2147483647;
			files = (
				D8A7D8671C7D3B9500A2981D /* Turnstile.h in Headers */,
			);
			runOnlyForDeploymentPostprocessing = 0;
		};
		D8A7D8751C7D3D3800A2981D /* Headers */ = {
			isa = PBXHeadersBuildPhase;
			buildActionMask = 2147483647;
			files = (
				D8A7D8761C7D3D3800A2981D /* Turnstile.h in Headers */,
			);
			runOnlyForDeploymentPostprocessing = 0;
		};
		D8A7D8841C7D3DE200A2981D /* Headers */ = {
			isa = PBXHeadersBuildPhase;
			buildActionMask = 2147483647;
			files = (
				D8A7D8851C7D3DE200A2981D /* Turnstile.h in Headers */,
			);
			runOnlyForDeploymentPostprocessing = 0;
		};
/* End PBXHeadersBuildPhase section */

/* Begin PBXNativeTarget section */
		D821C50C1C68A6C200A88B65 /* Turnstile-iOS */ = {
			isa = PBXNativeTarget;
			buildConfigurationList = D821C5211C68A6C200A88B65 /* Build configuration list for PBXNativeTarget "Turnstile-iOS" */;
			buildPhases = (
				D821C5081C68A6C200A88B65 /* Sources */,
				D821C5091C68A6C200A88B65 /* Frameworks */,
				D821C50A1C68A6C200A88B65 /* Headers */,
				D821C50B1C68A6C200A88B65 /* Resources */,
			);
			buildRules = (
			);
			dependencies = (
			);
			name = "Turnstile-iOS";
			productName = Turnstile;
			productReference = D821C50D1C68A6C200A88B65 /* Turnstile.framework */;
			productType = "com.apple.product-type.framework";
		};
		D821C5161C68A6C200A88B65 /* TurnstileTests */ = {
			isa = PBXNativeTarget;
			buildConfigurationList = D821C5241C68A6C200A88B65 /* Build configuration list for PBXNativeTarget "TurnstileTests" */;
			buildPhases = (
				D821C5131C68A6C200A88B65 /* Sources */,
				D821C5141C68A6C200A88B65 /* Frameworks */,
				D821C5151C68A6C200A88B65 /* Resources */,
			);
			buildRules = (
			);
			dependencies = (
				D821C51A1C68A6C200A88B65 /* PBXTargetDependency */,
			);
			name = TurnstileTests;
			productName = TurnstileTests;
			productReference = D821C5171C68A6C200A88B65 /* TurnstileTests.xctest */;
			productType = "com.apple.product-type.bundle.unit-test";
		};
		D8A7D85F1C7D3B9500A2981D /* Turnstile-tvOS */ = {
			isa = PBXNativeTarget;
			buildConfigurationList = D8A7D8691C7D3B9500A2981D /* Build configuration list for PBXNativeTarget "Turnstile-tvOS" */;
			buildPhases = (
				D8A7D8601C7D3B9500A2981D /* Sources */,
				D8A7D8651C7D3B9500A2981D /* Frameworks */,
				D8A7D8661C7D3B9500A2981D /* Headers */,
				D8A7D8681C7D3B9500A2981D /* Resources */,
			);
			buildRules = (
			);
			dependencies = (
			);
			name = "Turnstile-tvOS";
			productName = Turnstile;
			productReference = D8A7D86C1C7D3B9500A2981D /* Turnstile.framework */;
			productType = "com.apple.product-type.framework";
		};
		D8A7D86E1C7D3D3800A2981D /* Turnstile-watchOS */ = {
			isa = PBXNativeTarget;
			buildConfigurationList = D8A7D8781C7D3D3800A2981D /* Build configuration list for PBXNativeTarget "Turnstile-watchOS" */;
			buildPhases = (
				D8A7D86F1C7D3D3800A2981D /* Sources */,
				D8A7D8741C7D3D3800A2981D /* Frameworks */,
				D8A7D8751C7D3D3800A2981D /* Headers */,
				D8A7D8771C7D3D3800A2981D /* Resources */,
			);
			buildRules = (
			);
			dependencies = (
			);
			name = "Turnstile-watchOS";
			productName = Turnstile;
			productReference = D8A7D87B1C7D3D3800A2981D /* Turnstile.framework */;
			productType = "com.apple.product-type.framework";
		};
		D8A7D87D1C7D3DE200A2981D /* Turnstile-OSX */ = {
			isa = PBXNativeTarget;
			buildConfigurationList = D8A7D8871C7D3DE200A2981D /* Build configuration list for PBXNativeTarget "Turnstile-OSX" */;
			buildPhases = (
				D8A7D87E1C7D3DE200A2981D /* Sources */,
				D8A7D8831C7D3DE200A2981D /* Frameworks */,
				D8A7D8841C7D3DE200A2981D /* Headers */,
				D8A7D8861C7D3DE200A2981D /* Resources */,
			);
			buildRules = (
			);
			dependencies = (
			);
			name = "Turnstile-OSX";
			productName = Turnstile;
			productReference = D8A7D88A1C7D3DE200A2981D /* Turnstile.framework */;
			productType = "com.apple.product-type.framework";
		};
/* End PBXNativeTarget section */

/* Begin PBXProject section */
		D821C5041C68A6C200A88B65 /* Project object */ = {
			isa = PBXProject;
			attributes = {
				LastSwiftUpdateCheck = 0720;
				LastUpgradeCheck = 0720;
				ORGANIZATIONNAME = "Cesar Tardaguila";
				TargetAttributes = {
					D821C50C1C68A6C200A88B65 = {
						CreatedOnToolsVersion = 7.2.1;
						LastSwiftMigration = 0800;
					};
					D821C5161C68A6C200A88B65 = {
						CreatedOnToolsVersion = 7.2.1;
						LastSwiftMigration = 0800;
					};
				};
			};
			buildConfigurationList = D821C5071C68A6C200A88B65 /* Build configuration list for PBXProject "Turnstile" */;
			compatibilityVersion = "Xcode 3.2";
			developmentRegion = English;
			hasScannedForEncodings = 0;
			knownRegions = (
				en,
			);
			mainGroup = D821C5031C68A6C200A88B65;
			productRefGroup = D821C50E1C68A6C200A88B65 /* Products */;
			projectDirPath = "";
			projectRoot = "";
			targets = (
				D821C50C1C68A6C200A88B65 /* Turnstile-iOS */,
				D821C5161C68A6C200A88B65 /* TurnstileTests */,
				D8A7D85F1C7D3B9500A2981D /* Turnstile-tvOS */,
				D8A7D86E1C7D3D3800A2981D /* Turnstile-watchOS */,
				D8A7D87D1C7D3DE200A2981D /* Turnstile-OSX */,
			);
		};
/* End PBXProject section */

/* Begin PBXResourcesBuildPhase section */
		D821C50B1C68A6C200A88B65 /* Resources */ = {
			isa = PBXResourcesBuildPhase;
			buildActionMask = 2147483647;
			files = (
			);
			runOnlyForDeploymentPostprocessing = 0;
		};
		D821C5151C68A6C200A88B65 /* Resources */ = {
			isa = PBXResourcesBuildPhase;
			buildActionMask = 2147483647;
			files = (
			);
			runOnlyForDeploymentPostprocessing = 0;
		};
		D8A7D8681C7D3B9500A2981D /* Resources */ = {
			isa = PBXResourcesBuildPhase;
			buildActionMask = 2147483647;
			files = (
			);
			runOnlyForDeploymentPostprocessing = 0;
		};
		D8A7D8771C7D3D3800A2981D /* Resources */ = {
			isa = PBXResourcesBuildPhase;
			buildActionMask = 2147483647;
			files = (
			);
			runOnlyForDeploymentPostprocessing = 0;
		};
		D8A7D8861C7D3DE200A2981D /* Resources */ = {
			isa = PBXResourcesBuildPhase;
			buildActionMask = 2147483647;
			files = (
			);
			runOnlyForDeploymentPostprocessing = 0;
		};
/* End PBXResourcesBuildPhase section */

/* Begin PBXSourcesBuildPhase section */
		D821C5081C68A6C200A88B65 /* Sources */ = {
			isa = PBXSourcesBuildPhase;
			buildActionMask = 2147483647;
			files = (
				D821C5311C68A80B00A88B65 /* Event.swift in Sources */,
				D821C5331C68A80B00A88B65 /* StateMachine.swift in Sources */,
				D821C5341C68A80B00A88B65 /* Transition.swift in Sources */,
				D821C5321C68A80B00A88B65 /* State.swift in Sources */,
			);
			runOnlyForDeploymentPostprocessing = 0;
		};
		D821C5131C68A6C200A88B65 /* Sources */ = {
			isa = PBXSourcesBuildPhase;
			buildActionMask = 2147483647;
			files = (
				D821C52C1C68A7F600A88B65 /* StateTests.swift in Sources */,
				D821C52A1C68A7F600A88B65 /* EventTests.swift in Sources */,
				D821C52B1C68A7F600A88B65 /* StateMachineTests.swift in Sources */,
			);
			runOnlyForDeploymentPostprocessing = 0;
		};
		D8A7D8601C7D3B9500A2981D /* Sources */ = {
			isa = PBXSourcesBuildPhase;
			buildActionMask = 2147483647;
			files = (
				D8A7D8611C7D3B9500A2981D /* Event.swift in Sources */,
				D8A7D8621C7D3B9500A2981D /* StateMachine.swift in Sources */,
				D8A7D8631C7D3B9500A2981D /* Transition.swift in Sources */,
				D8A7D8641C7D3B9500A2981D /* State.swift in Sources */,
			);
			runOnlyForDeploymentPostprocessing = 0;
		};
		D8A7D86F1C7D3D3800A2981D /* Sources */ = {
			isa = PBXSourcesBuildPhase;
			buildActionMask = 2147483647;
			files = (
				D8A7D8701C7D3D3800A2981D /* Event.swift in Sources */,
				D8A7D8711C7D3D3800A2981D /* StateMachine.swift in Sources */,
				D8A7D8721C7D3D3800A2981D /* Transition.swift in Sources */,
				D8A7D8731C7D3D3800A2981D /* State.swift in Sources */,
			);
			runOnlyForDeploymentPostprocessing = 0;
		};
		D8A7D87E1C7D3DE200A2981D /* Sources */ = {
			isa = PBXSourcesBuildPhase;
			buildActionMask = 2147483647;
			files = (
				D8A7D87F1C7D3DE200A2981D /* Event.swift in Sources */,
				D8A7D8801C7D3DE200A2981D /* StateMachine.swift in Sources */,
				D8A7D8811C7D3DE200A2981D /* Transition.swift in Sources */,
				D8A7D8821C7D3DE200A2981D /* State.swift in Sources */,
			);
			runOnlyForDeploymentPostprocessing = 0;
		};
/* End PBXSourcesBuildPhase section */

/* Begin PBXTargetDependency section */
		D821C51A1C68A6C200A88B65 /* PBXTargetDependency */ = {
			isa = PBXTargetDependency;
			target = D821C50C1C68A6C200A88B65 /* Turnstile-iOS */;
			targetProxy = D821C5191C68A6C200A88B65 /* PBXContainerItemProxy */;
		};
/* End PBXTargetDependency section */

/* Begin XCBuildConfiguration section */
		D821C51F1C68A6C200A88B65 /* Debug */ = {
			isa = XCBuildConfiguration;
			buildSettings = {
				ALWAYS_SEARCH_USER_PATHS = NO;
				CLANG_CXX_LANGUAGE_STANDARD = "gnu++0x";
				CLANG_CXX_LIBRARY = "libc++";
				CLANG_ENABLE_MODULES = YES;
				CLANG_ENABLE_OBJC_ARC = YES;
				CLANG_WARN_BOOL_CONVERSION = YES;
				CLANG_WARN_CONSTANT_CONVERSION = YES;
				CLANG_WARN_DIRECT_OBJC_ISA_USAGE = YES_ERROR;
				CLANG_WARN_EMPTY_BODY = YES;
				CLANG_WARN_ENUM_CONVERSION = YES;
				CLANG_WARN_INT_CONVERSION = YES;
				CLANG_WARN_OBJC_ROOT_CLASS = YES_ERROR;
				CLANG_WARN_UNREACHABLE_CODE = YES;
				CLANG_WARN__DUPLICATE_METHOD_MATCH = YES;
				"CODE_SIGN_IDENTITY[sdk=iphoneos*]" = "iPhone Developer";
				COPY_PHASE_STRIP = NO;
				CURRENT_PROJECT_VERSION = 1;
				DEBUG_INFORMATION_FORMAT = dwarf;
				ENABLE_STRICT_OBJC_MSGSEND = YES;
				ENABLE_TESTABILITY = YES;
				GCC_C_LANGUAGE_STANDARD = gnu99;
				GCC_DYNAMIC_NO_PIC = NO;
				GCC_NO_COMMON_BLOCKS = YES;
				GCC_OPTIMIZATION_LEVEL = 0;
				GCC_PREPROCESSOR_DEFINITIONS = (
					"DEBUG=1",
					"$(inherited)",
				);
				GCC_WARN_64_TO_32_BIT_CONVERSION = YES;
				GCC_WARN_ABOUT_RETURN_TYPE = YES_ERROR;
				GCC_WARN_UNDECLARED_SELECTOR = YES;
				GCC_WARN_UNINITIALIZED_AUTOS = YES_AGGRESSIVE;
				GCC_WARN_UNUSED_FUNCTION = YES;
				GCC_WARN_UNUSED_VARIABLE = YES;
				IPHONEOS_DEPLOYMENT_TARGET = 8.0;
				MTL_ENABLE_DEBUG_INFO = YES;
				ONLY_ACTIVE_ARCH = YES;
				SDKROOT = iphoneos;
				SWIFT_OPTIMIZATION_LEVEL = "-Onone";
				TARGETED_DEVICE_FAMILY = "1,2";
				VERSIONING_SYSTEM = "apple-generic";
				VERSION_INFO_PREFIX = "";
			};
			name = Debug;
		};
		D821C5201C68A6C200A88B65 /* Release */ = {
			isa = XCBuildConfiguration;
			buildSettings = {
				ALWAYS_SEARCH_USER_PATHS = NO;
				CLANG_CXX_LANGUAGE_STANDARD = "gnu++0x";
				CLANG_CXX_LIBRARY = "libc++";
				CLANG_ENABLE_MODULES = YES;
				CLANG_ENABLE_OBJC_ARC = YES;
				CLANG_WARN_BOOL_CONVERSION = YES;
				CLANG_WARN_CONSTANT_CONVERSION = YES;
				CLANG_WARN_DIRECT_OBJC_ISA_USAGE = YES_ERROR;
				CLANG_WARN_EMPTY_BODY = YES;
				CLANG_WARN_ENUM_CONVERSION = YES;
				CLANG_WARN_INT_CONVERSION = YES;
				CLANG_WARN_OBJC_ROOT_CLASS = YES_ERROR;
				CLANG_WARN_UNREACHABLE_CODE = YES;
				CLANG_WARN__DUPLICATE_METHOD_MATCH = YES;
				"CODE_SIGN_IDENTITY[sdk=iphoneos*]" = "iPhone Developer";
				COPY_PHASE_STRIP = NO;
				CURRENT_PROJECT_VERSION = 1;
				DEBUG_INFORMATION_FORMAT = "dwarf-with-dsym";
				ENABLE_NS_ASSERTIONS = NO;
				ENABLE_STRICT_OBJC_MSGSEND = YES;
				GCC_C_LANGUAGE_STANDARD = gnu99;
				GCC_NO_COMMON_BLOCKS = YES;
				GCC_WARN_64_TO_32_BIT_CONVERSION = YES;
				GCC_WARN_ABOUT_RETURN_TYPE = YES_ERROR;
				GCC_WARN_UNDECLARED_SELECTOR = YES;
				GCC_WARN_UNINITIALIZED_AUTOS = YES_AGGRESSIVE;
				GCC_WARN_UNUSED_FUNCTION = YES;
				GCC_WARN_UNUSED_VARIABLE = YES;
				IPHONEOS_DEPLOYMENT_TARGET = 8.0;
				MTL_ENABLE_DEBUG_INFO = NO;
				SDKROOT = iphoneos;
				TARGETED_DEVICE_FAMILY = "1,2";
				VALIDATE_PRODUCT = YES;
				VERSIONING_SYSTEM = "apple-generic";
				VERSION_INFO_PREFIX = "";
			};
			name = Release;
		};
		D821C5221C68A6C200A88B65 /* Debug */ = {
			isa = XCBuildConfiguration;
			buildSettings = {
				CLANG_ENABLE_MODULES = YES;
				DEFINES_MODULE = YES;
				DYLIB_COMPATIBILITY_VERSION = 1;
				DYLIB_CURRENT_VERSION = 1;
				DYLIB_INSTALL_NAME_BASE = "@rpath";
				INFOPLIST_FILE = "$(SRCROOT)/Sources/Turnstile/Info.plist";
				INSTALL_PATH = "$(LOCAL_LIBRARY_DIR)/Frameworks";
				LD_RUNPATH_SEARCH_PATHS = "$(inherited) @executable_path/Frameworks @loader_path/Frameworks";
				PRODUCT_BUNDLE_IDENTIFIER = com.ctarda.Turnstile;
				PRODUCT_NAME = Turnstile;
				SKIP_INSTALL = YES;
				SWIFT_OPTIMIZATION_LEVEL = "-Onone";
				SWIFT_VERSION = 3.0;
				TARGETED_DEVICE_FAMILY = "1,2";
			};
			name = Debug;
		};
		D821C5231C68A6C200A88B65 /* Release */ = {
			isa = XCBuildConfiguration;
			buildSettings = {
				CLANG_ENABLE_MODULES = YES;
				DEFINES_MODULE = YES;
				DYLIB_COMPATIBILITY_VERSION = 1;
				DYLIB_CURRENT_VERSION = 1;
				DYLIB_INSTALL_NAME_BASE = "@rpath";
				INFOPLIST_FILE = "$(SRCROOT)/Sources/Turnstile/Info.plist";
				INSTALL_PATH = "$(LOCAL_LIBRARY_DIR)/Frameworks";
				LD_RUNPATH_SEARCH_PATHS = "$(inherited) @executable_path/Frameworks @loader_path/Frameworks";
				PRODUCT_BUNDLE_IDENTIFIER = com.ctarda.Turnstile;
				PRODUCT_NAME = Turnstile;
				SKIP_INSTALL = YES;
				SWIFT_VERSION = 3.0;
				TARGETED_DEVICE_FAMILY = "1,2";
			};
			name = Release;
		};
		D821C5251C68A6C200A88B65 /* Debug */ = {
			isa = XCBuildConfiguration;
			buildSettings = {
				CLANG_ENABLE_MODULES = YES;
				INFOPLIST_FILE = Sources/TurnstileTests/Info.plist;
				LD_RUNPATH_SEARCH_PATHS = "$(inherited) @executable_path/Frameworks @loader_path/Frameworks";
				PRODUCT_BUNDLE_IDENTIFIER = com.ctarda.TurnstileTests;
				PRODUCT_NAME = "$(TARGET_NAME)";
				SWIFT_OPTIMIZATION_LEVEL = "-Onone";
				SWIFT_VERSION = 3.0;
			};
			name = Debug;
		};
		D821C5261C68A6C200A88B65 /* Release */ = {
			isa = XCBuildConfiguration;
			buildSettings = {
				CLANG_ENABLE_MODULES = YES;
				INFOPLIST_FILE = Sources/TurnstileTests/Info.plist;
				LD_RUNPATH_SEARCH_PATHS = "$(inherited) @executable_path/Frameworks @loader_path/Frameworks";
				PRODUCT_BUNDLE_IDENTIFIER = com.ctarda.TurnstileTests;
				PRODUCT_NAME = "$(TARGET_NAME)";
				SWIFT_VERSION = 3.0;
			};
			name = Release;
		};
		D8A7D86A1C7D3B9500A2981D /* Debug */ = {
			isa = XCBuildConfiguration;
			buildSettings = {
				CLANG_ENABLE_MODULES = YES;
				DEFINES_MODULE = YES;
				DYLIB_COMPATIBILITY_VERSION = 1;
				DYLIB_CURRENT_VERSION = 1;
				DYLIB_INSTALL_NAME_BASE = "@rpath";
				INFOPLIST_FILE = "$(SRCROOT)/Sources/Turnstile/Info.plist";
				INSTALL_PATH = "$(LOCAL_LIBRARY_DIR)/Frameworks";
				LD_RUNPATH_SEARCH_PATHS = "$(inherited) @executable_path/Frameworks @loader_path/Frameworks";
				PRODUCT_BUNDLE_IDENTIFIER = com.ctarda.Turnstile;
				PRODUCT_NAME = Turnstile;
				SDKROOT = appletvos;
				SKIP_INSTALL = YES;
				SWIFT_OPTIMIZATION_LEVEL = "-Onone";
				TARGETED_DEVICE_FAMILY = 3;
			};
			name = Debug;
		};
		D8A7D86B1C7D3B9500A2981D /* Release */ = {
			isa = XCBuildConfiguration;
			buildSettings = {
				CLANG_ENABLE_MODULES = YES;
				DEFINES_MODULE = YES;
				DYLIB_COMPATIBILITY_VERSION = 1;
				DYLIB_CURRENT_VERSION = 1;
				DYLIB_INSTALL_NAME_BASE = "@rpath";
				INFOPLIST_FILE = "$(SRCROOT)/Sources/Turnstile/Info.plist";
				INSTALL_PATH = "$(LOCAL_LIBRARY_DIR)/Frameworks";
				LD_RUNPATH_SEARCH_PATHS = "$(inherited) @executable_path/Frameworks @loader_path/Frameworks";
				PRODUCT_BUNDLE_IDENTIFIER = com.ctarda.Turnstile;
				PRODUCT_NAME = Turnstile;
				SDKROOT = appletvos;
				SKIP_INSTALL = YES;
				TARGETED_DEVICE_FAMILY = 3;
			};
			name = Release;
		};
		D8A7D8791C7D3D3800A2981D /* Debug */ = {
			isa = XCBuildConfiguration;
			buildSettings = {
				CLANG_ENABLE_MODULES = YES;
				DEFINES_MODULE = YES;
				DYLIB_COMPATIBILITY_VERSION = 1;
				DYLIB_CURRENT_VERSION = 1;
				DYLIB_INSTALL_NAME_BASE = "@rpath";
				INFOPLIST_FILE = "$(SRCROOT)/Sources/Turnstile/Info.plist";
				INSTALL_PATH = "$(LOCAL_LIBRARY_DIR)/Frameworks";
				LD_RUNPATH_SEARCH_PATHS = "$(inherited) @executable_path/Frameworks @loader_path/Frameworks";
				PRODUCT_BUNDLE_IDENTIFIER = com.ctarda.Turnstile;
				PRODUCT_NAME = Turnstile;
				SDKROOT = watchos;
				SKIP_INSTALL = YES;
				SWIFT_OPTIMIZATION_LEVEL = "-Onone";
				TARGETED_DEVICE_FAMILY = 4;
			};
			name = Debug;
		};
		D8A7D87A1C7D3D3800A2981D /* Release */ = {
			isa = XCBuildConfiguration;
			buildSettings = {
				CLANG_ENABLE_MODULES = YES;
				DEFINES_MODULE = YES;
				DYLIB_COMPATIBILITY_VERSION = 1;
				DYLIB_CURRENT_VERSION = 1;
				DYLIB_INSTALL_NAME_BASE = "@rpath";
				INFOPLIST_FILE = "$(SRCROOT)/Sources/Turnstile/Info.plist";
				INSTALL_PATH = "$(LOCAL_LIBRARY_DIR)/Frameworks";
				LD_RUNPATH_SEARCH_PATHS = "$(inherited) @executable_path/Frameworks @loader_path/Frameworks";
				PRODUCT_BUNDLE_IDENTIFIER = com.ctarda.Turnstile;
				PRODUCT_NAME = Turnstile;
				SDKROOT = watchos;
				SKIP_INSTALL = YES;
				TARGETED_DEVICE_FAMILY = 4;
			};
			name = Release;
		};
		D8A7D8881C7D3DE200A2981D /* Debug */ = {
			isa = XCBuildConfiguration;
			buildSettings = {
				CLANG_ENABLE_MODULES = YES;
				DEFINES_MODULE = YES;
				DYLIB_COMPATIBILITY_VERSION = 1;
				DYLIB_CURRENT_VERSION = 1;
				DYLIB_INSTALL_NAME_BASE = "@rpath";
				INFOPLIST_FILE = "$(SRCROOT)/Sources/Turnstile/Info.plist";
				INSTALL_PATH = "$(LOCAL_LIBRARY_DIR)/Frameworks";
				LD_RUNPATH_SEARCH_PATHS = "$(inherited) @executable_path/Frameworks @loader_path/Frameworks";
				PRODUCT_BUNDLE_IDENTIFIER = com.ctarda.Turnstile;
				PRODUCT_NAME = Turnstile;
				SDKROOT = macosx;
				SKIP_INSTALL = YES;
				SWIFT_OPTIMIZATION_LEVEL = "-Onone";
				TARGETED_DEVICE_FAMILY = "1,2";
			};
			name = Debug;
		};
		D8A7D8891C7D3DE200A2981D /* Release */ = {
			isa = XCBuildConfiguration;
			buildSettings = {
				CLANG_ENABLE_MODULES = YES;
				DEFINES_MODULE = YES;
				DYLIB_COMPATIBILITY_VERSION = 1;
				DYLIB_CURRENT_VERSION = 1;
				DYLIB_INSTALL_NAME_BASE = "@rpath";
				INFOPLIST_FILE = "$(SRCROOT)/Sources/Turnstile/Info.plist";
				INSTALL_PATH = "$(LOCAL_LIBRARY_DIR)/Frameworks";
				LD_RUNPATH_SEARCH_PATHS = "$(inherited) @executable_path/Frameworks @loader_path/Frameworks";
				PRODUCT_BUNDLE_IDENTIFIER = com.ctarda.Turnstile;
				PRODUCT_NAME = Turnstile;
				SDKROOT = macosx;
				SKIP_INSTALL = YES;
				TARGETED_DEVICE_FAMILY = "1,2";
			};
			name = Release;
		};
/* End XCBuildConfiguration section */

/* Begin XCConfigurationList section */
		D821C5071C68A6C200A88B65 /* Build configuration list for PBXProject "Turnstile" */ = {
			isa = XCConfigurationList;
			buildConfigurations = (
				D821C51F1C68A6C200A88B65 /* Debug */,
				D821C5201C68A6C200A88B65 /* Release */,
			);
			defaultConfigurationIsVisible = 0;
			defaultConfigurationName = Release;
		};
		D821C5211C68A6C200A88B65 /* Build configuration list for PBXNativeTarget "Turnstile-iOS" */ = {
			isa = XCConfigurationList;
			buildConfigurations = (
				D821C5221C68A6C200A88B65 /* Debug */,
				D821C5231C68A6C200A88B65 /* Release */,
			);
			defaultConfigurationIsVisible = 0;
			defaultConfigurationName = Release;
		};
		D821C5241C68A6C200A88B65 /* Build configuration list for PBXNativeTarget "TurnstileTests" */ = {
			isa = XCConfigurationList;
			buildConfigurations = (
				D821C5251C68A6C200A88B65 /* Debug */,
				D821C5261C68A6C200A88B65 /* Release */,
			);
			defaultConfigurationIsVisible = 0;
			defaultConfigurationName = Release;
		};
		D8A7D8691C7D3B9500A2981D /* Build configuration list for PBXNativeTarget "Turnstile-tvOS" */ = {
			isa = XCConfigurationList;
			buildConfigurations = (
				D8A7D86A1C7D3B9500A2981D /* Debug */,
				D8A7D86B1C7D3B9500A2981D /* Release */,
			);
			defaultConfigurationIsVisible = 0;
			defaultConfigurationName = Release;
		};
		D8A7D8781C7D3D3800A2981D /* Build configuration list for PBXNativeTarget "Turnstile-watchOS" */ = {
			isa = XCConfigurationList;
			buildConfigurations = (
				D8A7D8791C7D3D3800A2981D /* Debug */,
				D8A7D87A1C7D3D3800A2981D /* Release */,
			);
			defaultConfigurationIsVisible = 0;
			defaultConfigurationName = Release;
		};
		D8A7D8871C7D3DE200A2981D /* Build configuration list for PBXNativeTarget "Turnstile-OSX" */ = {
			isa = XCConfigurationList;
			buildConfigurations = (
				D8A7D8881C7D3DE200A2981D /* Debug */,
				D8A7D8891C7D3DE200A2981D /* Release */,
			);
			defaultConfigurationIsVisible = 0;
			defaultConfigurationName = Release;
		};
/* End XCConfigurationList section */
	};
	rootObject = D821C5041C68A6C200A88B65 /* Project object */;
}
